{
  "requires": true,
  "lockfileVersion": 1,
  "dependencies": {
    "@xmldom/xmldom": {
      "version": "0.7.5",
      "resolved": "https://registry.npmjs.org/@xmldom/xmldom/-/xmldom-0.7.5.tgz",
      "integrity": "sha512-V3BIhmY36fXZ1OtVcI9W+FxQqxVLsPKcNjWigIaa81dLC9IolJl5Mt4Cvhmr0flUnjSpTdrbMTSbXqYqV5dT6A=="
    },
    "docxtemplater": {
      "version": "3.27.1",
      "resolved": "https://registry.npmjs.org/docxtemplater/-/docxtemplater-3.27.1.tgz",
      "integrity": "sha512-3YyYcDEcuv2Mvsxn6bunYO0cI0K2nQu4Ma6TpR0JQ99cWGZ5EM+AebqpL7ov/sIvAwpq+gPGfmknXyyP0LunaQ==",
      "requires": {
        "@xmldom/xmldom": "^0.7.5"
      }
    },
    "pako": {
      "version": "2.0.4",
      "resolved": "https://registry.npmjs.org/pako/-/pako-2.0.4.tgz",
      "integrity": "sha512-v8tweI900AUkZN6heMU/4Uy4cXRc2AYNRggVmTR+dEncawDJgCdLMximOVA2p4qO57WMynangsfGRb5WD6L1Bg=="
    },
    "pizzip": {
      "version": "3.1.1",
      "resolved": "https://registry.npmjs.org/pizzip/-/pizzip-3.1.1.tgz",
      "integrity": "sha512-+SYbkj87i+/4LR2F0lIeLTRFg95aj14OhGka988Jg8HiXZVOifdBIWaKZTnfZFvvUl5torCXQ/e+wZ6D23hPuQ==",
      "requires": {
        "pako": "^2.0.4"
      }
    }
  }
}
